
Microsoft Visual Studio Solution File, Format Version 12.00
Project("{FAE04EC0-301F-11D3-BF4B-00C04F79EFBC}") = "MW.Identity.Token", "MW.Identity.Token\MW.Identity.Token.csproj", "{C7FE771F-832D-4A4E-96FD-B6A23FF4F911}"
EndProject
Project("{FAE04EC0-301F-11D3-BF4B-00C04F79EFBC}") = "MW.Identity.Token.Tests", "MW.Identity.Token.Tests\MW.Identity.Token.Tests.csproj", "{82D0D1F0-1751-4312-A48D-AD3CD8B36151}"
EndProject
Global
	GlobalSection(SolutionConfigurationPlatforms) = preSolution
		Debug|Any CPU = Debug|Any CPU
		Debug|x64 = Debug|x64
		Debug|x86 = Debug|x86
		Release|Any CPU = Release|Any CPU
		Release|x64 = Release|x64
		Release|x86 = Release|x86
	EndGlobalSection
	GlobalSection(ProjectConfigurationPlatforms) = postSolution
		{C7FE771F-832D-4A4E-96FD-B6A23FF4F911}.Debug|Any CPU.ActiveCfg = Debug|Any CPU
		{C7FE771F-832D-4A4E-96FD-B6A23FF4F911}.Debug|Any CPU.Build.0 = Debug|Any CPU
		{C7FE771F-832D-4A4E-96FD-B6A23FF4F911}.Debug|x64.ActiveCfg = Debug|Any CPU
		{C7FE771F-832D-4A4E-96FD-B6A23FF4F911}.Debug|x64.Build.0 = Debug|Any CPU
		{C7FE771F-832D-4A4E-96FD-B6A23FF4F911}.Debug|x86.ActiveCfg = Debug|Any CPU
		{C7FE771F-832D-4A4E-96FD-B6A23FF4F911}.Debug|x86.Build.0 = Debug|Any CPU
		{C7FE771F-832D-4A4E-96FD-B6A23FF4F911}.Release|Any CPU.ActiveCfg = Release|Any CPU
		{C7FE771F-832D-4A4E-96FD-B6A23FF4F911}.Release|Any CPU.Build.0 = Release|Any CPU
		{C7FE771F-832D-4A4E-96FD-B6A23FF4F911}.Release|x64.ActiveCfg = Release|Any CPU
		{C7FE771F-832D-4A4E-96FD-B6A23FF4F911}.Release|x64.Build.0 = Release|Any CPU
		{C7FE771F-832D-4A4E-96FD-B6A23FF4F911}.Release|x86.ActiveCfg = Release|Any CPU
		{C7FE771F-832D-4A4E-96FD-B6A23FF4F911}.Release|x86.Build.0 = Release|Any CPU
		{82D0D1F0-1751-4312-A48D-AD3CD8B36151}.Debug|Any CPU.ActiveCfg = Debug|Any CPU
		{82D0D1F0-1751-4312-A48D-AD3CD8B36151}.Debug|Any CPU.Build.0 = Debug|Any CPU
		{82D0D1F0-1751-4312-A48D-AD3CD8B36151}.Debug|x64.ActiveCfg = Debug|Any CPU
		{82D0D1F0-1751-4312-A48D-AD3CD8B36151}.Debug|x64.Build.0 = Debug|Any CPU
		{82D0D1F0-1751-4312-A48D-AD3CD8B36151}.Debug|x86.ActiveCfg = Debug|Any CPU
		{82D0D1F0-1751-4312-A48D-AD3CD8B36151}.Debug|x86.Build.0 = Debug|Any CPU
		{82D0D1F0-1751-4312-A48D-AD3CD8B36151}.Release|Any CPU.ActiveCfg = Release|Any CPU
		{82D0D1F0-1751-4312-A48D-AD3CD8B36151}.Release|Any CPU.Build.0 = Release|Any CPU
		{82D0D1F0-1751-4312-A48D-AD3CD8B36151}.Release|x64.ActiveCfg = Release|Any CPU
		{82D0D1F0-1751-4312-A48D-AD3CD8B36151}.Release|x64.Build.0 = Release|Any CPU
		{82D0D1F0-1751-4312-A48D-AD3CD8B36151}.Release|x86.ActiveCfg = Release|Any CPU
		{82D0D1F0-1751-4312-A48D-AD3CD8B36151}.Release|x86.Build.0 = Release|Any CPU
	EndGlobalSection
	GlobalSection(SolutionProperties) = preSolution
		HideSolutionNode = FALSE
	EndGlobalSection
EndGlobal
